
Microsoft Visual Studio Solution File, Format Version 12.00
# Visual Studio Version 17
VisualStudioVersion = 17.6.33723.286
MinimumVisualStudioVersion = 10.0.40219.1
Project("{9A19103F-16F7-4668-BE54-9A1E7A4F7556}") = "20230801", "20230801\20230801.csproj", "{A23D16AA-96FC-487F-A857-5F277BC0F415}"
EndProject
Project("{FAE04EC0-301F-11D3-BF4B-00C04F79EFBC}") = "Multiplier1", "Multiplier1\Multiplier1.csproj", "{9265869A-32FC-4226-933E-9053331FACAC}"
EndProject
Global
	GlobalSection(SolutionConfigurationPlatforms) = preSolution
		Debug|Any CPU = Debug|Any CPU
		Release|Any CPU = Release|Any CPU
	EndGlobalSection
	GlobalSection(ProjectConfigurationPlatforms) = postSolution
		{A23D16AA-96FC-487F-A857-5F277BC0F415}.Debug|Any CPU.ActiveCfg = Debug|Any CPU
		{A23D16AA-96FC-487F-A857-5F277BC0F415}.Debug|Any CPU.Build.0 = Debug|Any CPU
		{A23D16AA-96FC-487F-A857-5F277BC0F415}.Release|Any CPU.ActiveCfg = Release|Any CPU
		{A23D16AA-96FC-487F-A857-5F277BC0F415}.Release|Any CPU.Build.0 = Release|Any CPU
		{9265869A-32FC-4226-933E-9053331FACAC}.Debug|Any CPU.ActiveCfg = Debug|Any CPU
		{9265869A-32FC-4226-933E-9053331FACAC}.Debug|Any CPU.Build.0 = Debug|Any CPU
		{9265869A-32FC-4226-933E-9053331FACAC}.Release|Any CPU.ActiveCfg = Release|Any CPU
		{9265869A-32FC-4226-933E-9053331FACAC}.Release|Any CPU.Build.0 = Release|Any CPU
	EndGlobalSection
	GlobalSection(SolutionProperties) = preSolution
		HideSolutionNode = FALSE
	EndGlobalSection
	GlobalSection(ExtensibilityGlobals) = postSolution
		SolutionGuid = {09B1E4C0-2154-4081-B7F5-69BB0251859D}
	EndGlobalSection
EndGlobal
